
Microsoft Visual Studio Solution File, Format Version 12.00
# Visual Studio Version 16
VisualStudioVersion = 16.0.30011.22
MinimumVisualStudioVersion = 10.0.40219.1
Project("{FAE04EC0-301F-11D3-BF4B-00C04F79EFBC}") = "Entities", "Entities\Entities.csproj", "{55C0087F-70F0-494D-9641-A6D5762B4F64}"
EndProject
Project("{FAE04EC0-301F-11D3-BF4B-00C04F79EFBC}") = "DataAccess", "DataAccess\DataAccess.csproj", "{A92917D0-5E57-4DC7-ACDB-9F857B28BA38}"
EndProject
Project("{FAE04EC0-301F-11D3-BF4B-00C04F79EFBC}") = "Core", "Core\Core.csproj", "{D0E4D330-83B8-4A33-B6FC-D0D1D583171A}"
EndProject
Project("{FAE04EC0-301F-11D3-BF4B-00C04F79EFBC}") = "Business", "Business\Business.csproj", "{FA442658-F882-495F-8489-615E495CEF0D}"
EndProject
Project("{FAE04EC0-301F-11D3-BF4B-00C04F79EFBC}") = "PhoneBook.API", "PhoneBook.API\PhoneBook.API.csproj", "{9B66993F-92CA-4080-B4B4-612AF96D0B10}"
EndProject
Global
	GlobalSection(SolutionConfigurationPlatforms) = preSolution
		Debug|Any CPU = Debug|Any CPU
		Release|Any CPU = Release|Any CPU
	EndGlobalSection
	GlobalSection(ProjectConfigurationPlatforms) = postSolution
		{55C0087F-70F0-494D-9641-A6D5762B4F64}.Debug|Any CPU.ActiveCfg = Debug|Any CPU
		{55C0087F-70F0-494D-9641-A6D5762B4F64}.Debug|Any CPU.Build.0 = Debug|Any CPU
		{55C0087F-70F0-494D-9641-A6D5762B4F64}.Release|Any CPU.ActiveCfg = Release|Any CPU
		{55C0087F-70F0-494D-9641-A6D5762B4F64}.Release|Any CPU.Build.0 = Release|Any CPU
		{A92917D0-5E57-4DC7-ACDB-9F857B28BA38}.Debug|Any CPU.ActiveCfg = Debug|Any CPU
		{A92917D0-5E57-4DC7-ACDB-9F857B28BA38}.Debug|Any CPU.Build.0 = Debug|Any CPU
		{A92917D0-5E57-4DC7-ACDB-9F857B28BA38}.Release|Any CPU.ActiveCfg = Release|Any CPU
		{A92917D0-5E57-4DC7-ACDB-9F857B28BA38}.Release|Any CPU.Build.0 = Release|Any CPU
		{D0E4D330-83B8-4A33-B6FC-D0D1D583171A}.Debug|Any CPU.ActiveCfg = Debug|Any CPU
		{D0E4D330-83B8-4A33-B6FC-D0D1D583171A}.Debug|Any CPU.Build.0 = Debug|Any CPU
		{D0E4D330-83B8-4A33-B6FC-D0D1D583171A}.Release|Any CPU.ActiveCfg = Release|Any CPU
		{D0E4D330-83B8-4A33-B6FC-D0D1D583171A}.Release|Any CPU.Build.0 = Release|Any CPU
		{FA442658-F882-495F-8489-615E495CEF0D}.Debug|Any CPU.ActiveCfg = Debug|Any CPU
		{FA442658-F882-495F-8489-615E495CEF0D}.Debug|Any CPU.Build.0 = Debug|Any CPU
		{FA442658-F882-495F-8489-615E495CEF0D}.Release|Any CPU.ActiveCfg = Release|Any CPU
		{FA442658-F882-495F-8489-615E495CEF0D}.Release|Any CPU.Build.0 = Release|Any CPU
		{9B66993F-92CA-4080-B4B4-612AF96D0B10}.Debug|Any CPU.ActiveCfg = Debug|Any CPU
		{9B66993F-92CA-4080-B4B4-612AF96D0B10}.Debug|Any CPU.Build.0 = Debug|Any CPU
		{9B66993F-92CA-4080-B4B4-612AF96D0B10}.Release|Any CPU.ActiveCfg = Release|Any CPU
		{9B66993F-92CA-4080-B4B4-612AF96D0B10}.Release|Any CPU.Build.0 = Release|Any CPU
	EndGlobalSection
	GlobalSection(SolutionProperties) = preSolution
		HideSolutionNode = FALSE
	EndGlobalSection
	GlobalSection(ExtensibilityGlobals) = postSolution
		SolutionGuid = {77E55D58-EAEB-4098-A8EF-4350D3C3EC0D}
	EndGlobalSection
EndGlobal
